
Microsoft Visual Studio Solution File, Format Version 12.00
# Visual Studio Version 16
VisualStudioVersion = 16.0.29209.62
MinimumVisualStudioVersion = 10.0.40219.1
Project("{2150E333-8FDC-42A3-9474-1A3956D46DE8}") = "2-Application", "2-Application", "{9A2A66BE-AC83-4BCD-9377-DD58D85D8DD0}"
EndProject
Project("{2150E333-8FDC-42A3-9474-1A3956D46DE8}") = "3-Mode", "3-Mode", "{F806F00C-3043-4F1E-BA07-5F29B3150248}"
EndProject
Project("{2150E333-8FDC-42A3-9474-1A3956D46DE8}") = "Test", "Test", "{1861FBE8-BC42-48E7-9CF3-F2BD3FEEC063}"
EndProject
Project("{2150E333-8FDC-42A3-9474-1A3956D46DE8}") = "1-UI", "1-UI", "{BBAA34B0-0008-4104-9E51-3E2B05461566}"
EndProject
Project("{FAE04EC0-301F-11D3-BF4B-00C04F79EFBC}") = "SDDQCore", "Mode\SDDQCore\SDDQCore.csproj", "{F7CACFAF-89FD-4B20-9C9E-5CE578E6CAFF}"
	ProjectSection(ProjectDependencies) = postProject
		{23F5DAE1-B6EF-4E88-8E43-809587F09DE0} = {23F5DAE1-B6EF-4E88-8E43-809587F09DE0}
	EndProjectSection
EndProject
Project("{FAE04EC0-301F-11D3-BF4B-00C04F79EFBC}") = "Application", "Application\WireMechanics\Application.csproj", "{661BFBF1-524E-4E5C-9593-34396C09CE8C}"
EndProject
Project("{FAE04EC0-301F-11D3-BF4B-00C04F79EFBC}") = "OTLtests", "Test\CommonTests\OTLtests.csproj", "{4FE4AE3B-6479-444D-A834-6EFE35644E92}"
EndProject
Project("{FAE04EC0-301F-11D3-BF4B-00C04F79EFBC}") = "IOCommon", "UI\IOCommon\IOCommon.csproj", "{270277DD-7B03-4EFA-8CEB-97C08F140ED8}"
EndProject
Project("{FAE04EC0-301F-11D3-BF4B-00C04F79EFBC}") = "AutoSpot", "Application\TowerAlignment\AutoSpot.csproj", "{A4CEA759-9000-4B23-8427-4C0D7BC01819}"
EndProject
Project("{FAE04EC0-301F-11D3-BF4B-00C04F79EFBC}") = "Infrastructure", "Mode\Infrastructure\Infrastructure\Infrastructure.csproj", "{23F5DAE1-B6EF-4E88-8E43-809587F09DE0}"
EndProject
Project("{FAE04EC0-301F-11D3-BF4B-00C04F79EFBC}") = "Standard", "Mode\GB\Standard.csproj", "{5ECAAD8A-0C6A-45B6-94E9-F13766AE1033}"
EndProject
Project("{FAE04EC0-301F-11D3-BF4B-00C04F79EFBC}") = "ConsoleAppTest", "ConsoleAppTest\ConsoleAppTest.csproj", "{B75052EB-0427-4806-B6B7-7A3B299838FE}"
EndProject
Project("{FAE04EC0-301F-11D3-BF4B-00C04F79EFBC}") = "OTLCAD", "OTLCAD\OTLCAD.csproj", "{DCF4A982-BDF9-41AD-84E3-D69ED4344CFF}"
EndProject
Global
	GlobalSection(SolutionConfigurationPlatforms) = preSolution
		Debug|Any CPU = Debug|Any CPU
		Release|Any CPU = Release|Any CPU
	EndGlobalSection
	GlobalSection(ProjectConfigurationPlatforms) = postSolution
		{F7CACFAF-89FD-4B20-9C9E-5CE578E6CAFF}.Debug|Any CPU.ActiveCfg = Debug|Any CPU
		{F7CACFAF-89FD-4B20-9C9E-5CE578E6CAFF}.Debug|Any CPU.Build.0 = Debug|Any CPU
		{F7CACFAF-89FD-4B20-9C9E-5CE578E6CAFF}.Release|Any CPU.ActiveCfg = Release|Any CPU
		{F7CACFAF-89FD-4B20-9C9E-5CE578E6CAFF}.Release|Any CPU.Build.0 = Release|Any CPU
		{661BFBF1-524E-4E5C-9593-34396C09CE8C}.Debug|Any CPU.ActiveCfg = Debug|Any CPU
		{661BFBF1-524E-4E5C-9593-34396C09CE8C}.Debug|Any CPU.Build.0 = Debug|Any CPU
		{661BFBF1-524E-4E5C-9593-34396C09CE8C}.Release|Any CPU.ActiveCfg = Release|Any CPU
		{661BFBF1-524E-4E5C-9593-34396C09CE8C}.Release|Any CPU.Build.0 = Release|Any CPU
		{4FE4AE3B-6479-444D-A834-6EFE35644E92}.Debug|Any CPU.ActiveCfg = Debug|Any CPU
		{4FE4AE3B-6479-444D-A834-6EFE35644E92}.Debug|Any CPU.Build.0 = Debug|Any CPU
		{4FE4AE3B-6479-444D-A834-6EFE35644E92}.Release|Any CPU.ActiveCfg = Release|Any CPU
		{4FE4AE3B-6479-444D-A834-6EFE35644E92}.Release|Any CPU.Build.0 = Release|Any CPU
		{270277DD-7B03-4EFA-8CEB-97C08F140ED8}.Debug|Any CPU.ActiveCfg = Debug|Any CPU
		{270277DD-7B03-4EFA-8CEB-97C08F140ED8}.Debug|Any CPU.Build.0 = Debug|Any CPU
		{270277DD-7B03-4EFA-8CEB-97C08F140ED8}.Release|Any CPU.ActiveCfg = Release|Any CPU
		{270277DD-7B03-4EFA-8CEB-97C08F140ED8}.Release|Any CPU.Build.0 = Release|Any CPU
		{A4CEA759-9000-4B23-8427-4C0D7BC01819}.Debug|Any CPU.ActiveCfg = Debug|Any CPU
		{A4CEA759-9000-4B23-8427-4C0D7BC01819}.Debug|Any CPU.Build.0 = Debug|Any CPU
		{A4CEA759-9000-4B23-8427-4C0D7BC01819}.Release|Any CPU.ActiveCfg = Release|Any CPU
		{A4CEA759-9000-4B23-8427-4C0D7BC01819}.Release|Any CPU.Build.0 = Release|Any CPU
		{23F5DAE1-B6EF-4E88-8E43-809587F09DE0}.Debug|Any CPU.ActiveCfg = Debug|Any CPU
		{23F5DAE1-B6EF-4E88-8E43-809587F09DE0}.Debug|Any CPU.Build.0 = Debug|Any CPU
		{23F5DAE1-B6EF-4E88-8E43-809587F09DE0}.Release|Any CPU.ActiveCfg = Release|Any CPU
		{23F5DAE1-B6EF-4E88-8E43-809587F09DE0}.Release|Any CPU.Build.0 = Release|Any CPU
		{5ECAAD8A-0C6A-45B6-94E9-F13766AE1033}.Debug|Any CPU.ActiveCfg = Debug|Any CPU
		{5ECAAD8A-0C6A-45B6-94E9-F13766AE1033}.Debug|Any CPU.Build.0 = Debug|Any CPU
		{5ECAAD8A-0C6A-45B6-94E9-F13766AE1033}.Release|Any CPU.ActiveCfg = Release|Any CPU
		{5ECAAD8A-0C6A-45B6-94E9-F13766AE1033}.Release|Any CPU.Build.0 = Release|Any CPU
		{B75052EB-0427-4806-B6B7-7A3B299838FE}.Debug|Any CPU.ActiveCfg = Debug|Any CPU
		{B75052EB-0427-4806-B6B7-7A3B299838FE}.Debug|Any CPU.Build.0 = Debug|Any CPU
		{B75052EB-0427-4806-B6B7-7A3B299838FE}.Release|Any CPU.ActiveCfg = Release|Any CPU
		{B75052EB-0427-4806-B6B7-7A3B299838FE}.Release|Any CPU.Build.0 = Release|Any CPU
		{DCF4A982-BDF9-41AD-84E3-D69ED4344CFF}.Debug|Any CPU.ActiveCfg = Debug|Any CPU
		{DCF4A982-BDF9-41AD-84E3-D69ED4344CFF}.Debug|Any CPU.Build.0 = Debug|Any CPU
		{DCF4A982-BDF9-41AD-84E3-D69ED4344CFF}.Release|Any CPU.ActiveCfg = Release|Any CPU
		{DCF4A982-BDF9-41AD-84E3-D69ED4344CFF}.Release|Any CPU.Build.0 = Release|Any CPU
	EndGlobalSection
	GlobalSection(SolutionProperties) = preSolution
		HideSolutionNode = FALSE
	EndGlobalSection
	GlobalSection(NestedProjects) = preSolution
		{F7CACFAF-89FD-4B20-9C9E-5CE578E6CAFF} = {F806F00C-3043-4F1E-BA07-5F29B3150248}
		{661BFBF1-524E-4E5C-9593-34396C09CE8C} = {9A2A66BE-AC83-4BCD-9377-DD58D85D8DD0}
		{4FE4AE3B-6479-444D-A834-6EFE35644E92} = {1861FBE8-BC42-48E7-9CF3-F2BD3FEEC063}
		{270277DD-7B03-4EFA-8CEB-97C08F140ED8} = {BBAA34B0-0008-4104-9E51-3E2B05461566}
		{A4CEA759-9000-4B23-8427-4C0D7BC01819} = {9A2A66BE-AC83-4BCD-9377-DD58D85D8DD0}
		{23F5DAE1-B6EF-4E88-8E43-809587F09DE0} = {F806F00C-3043-4F1E-BA07-5F29B3150248}
		{5ECAAD8A-0C6A-45B6-94E9-F13766AE1033} = {F806F00C-3043-4F1E-BA07-5F29B3150248}
		{B75052EB-0427-4806-B6B7-7A3B299838FE} = {1861FBE8-BC42-48E7-9CF3-F2BD3FEEC063}
		{DCF4A982-BDF9-41AD-84E3-D69ED4344CFF} = {BBAA34B0-0008-4104-9E51-3E2B05461566}
	EndGlobalSection
	GlobalSection(ExtensibilityGlobals) = postSolution
		SolutionGuid = {15068AC4-D2DC-4E57-BB2F-6AAD6033C843}
	EndGlobalSection
EndGlobal
